// !$*UTF8*$!
{
	archiveVersion = 1;
	classes = {
	};
	objectVersion = 46;
	objects = {

/* Begin PBXAggregateTarget section */
		53E8CDDC0EB8B6C400439BE1 /* Distribution */ = {
			isa = PBXAggregateTarget;
			buildConfigurationList = 53E8CDE30EB8B6C600439BE1 /* Build configuration list for PBXAggregateTarget "Distribution" */;
			buildPhases = (
				53E8CDDB0EB8B6C400439BE1 /* ShellScript */,
			);
			dependencies = (
				53E8CDFD0EB8BCF200439BE1 /* PBXTargetDependency */,
			);
			name = Distribution;
			productName = Distribution;
		};
/* End PBXAggregateTarget section */

/* Begin PBXAppleScriptBuildPhase section */
		257572C4072881A4000BE9CA /* AppleScript */ = {
			isa = PBXAppleScriptBuildPhase;
			buildActionMask = 2147483647;
			contextName = "";
			files = (
				257572C5072881A4000BE9CA /* iTiVo.applescript in AppleScript */,
				53A16DC10ED5DC95004A33E4 /* elgato.applescript in AppleScript */,
			);
			isSharedContext = 0;
			runOnlyForDeploymentPostprocessing = 0;
		};
/* End PBXAppleScriptBuildPhase section */

/* Begin PBXBuildFile section */
		2441259D15F436B800710497 /* findLocalTivos.sh in Resources */ = {isa = PBXBuildFile; fileRef = 2441259C15F436B800710497 /* findLocalTivos.sh */; };
		248B1FF615F44CBE00756168 /* findLocalTivoIPAddress.sh in Resources */ = {isa = PBXBuildFile; fileRef = 248B1FF515F44CBE00756168 /* findLocalTivoIPAddress.sh */; };
		257572C5072881A4000BE9CA /* iTiVo.applescript in AppleScript */ = {isa = PBXBuildFile; fileRef = DA206CF3015C4E8B03C91932 /* iTiVo.applescript */; settings = {ATTRIBUTES = (Debug, ); }; };
		257572C7072881A4000BE9CA /* MainMenu.nib in Resources */ = {isa = PBXBuildFile; fileRef = 29B97318FDCFA39411CA2CEA /* MainMenu.nib */; };
		257572C8072881A4000BE9CA /* InfoPlist.strings in Resources */ = {isa = PBXBuildFile; fileRef = 089C165CFE840E0CC02AAC07 /* InfoPlist.strings */; };
		257572CA072881A4000BE9CA /* main.m in Sources */ = {isa = PBXBuildFile; fileRef = 29B97316FDCFA39411CA2CEA /* main.m */; settings = {ATTRIBUTES = (); }; };
		257572CC072881A4000BE9CA /* Cocoa.framework in Frameworks */ = {isa = PBXBuildFile; fileRef = 1058C7A1FEA54F0111CA2CBB /* Cocoa.framework */; };
		257572CD072881A4000BE9CA /* AppleScriptKit.framework in Frameworks */ = {isa = PBXBuildFile; fileRef = DA206CF1015C4E2903C91932 /* AppleScriptKit.framework */; };
		5304AD990E4CBDBF00E77CA0 /* Sparkle.framework in Frameworks */ = {isa = PBXBuildFile; fileRef = 5304AD980E4CBDBF00E77CA0 /* Sparkle.framework */; };
		5304ADC30E4CBDFE00E77CA0 /* Sparkle.framework in CopyFiles */ = {isa = PBXBuildFile; fileRef = 5304AD980E4CBDBF00E77CA0 /* Sparkle.framework */; };
		531280FE0ECED47500B748E0 /* tvdb.png in Resources */ = {isa = PBXBuildFile; fileRef = 531280FD0ECED47500B748E0 /* tvdb.png */; };
		531ED4320ED622C20021359A /* encoderProgress.pl in Resources */ = {isa = PBXBuildFile; fileRef = 531ED4310ED622C20021359A /* encoderProgress.pl */; };
		532226E40EB0698400062D5F /* PrefsPanel.xib in Resources */ = {isa = PBXBuildFile; fileRef = 532226E30EB0698400062D5F /* PrefsPanel.xib */; };
		534115830EF72E000011FFF6 /* pytivo_txt.xslt in Resources */ = {isa = PBXBuildFile; fileRef = 534115820EF72E000011FFF6 /* pytivo_txt.xslt */; };
		5352F8690EC6752400A83D95 /* formats.plist in Resources */ = {isa = PBXBuildFile; fileRef = 5352F8680EC6752400A83D95 /* formats.plist */; };
		535A80C40F5A287B00F149FC /* t2sami in Resources */ = {isa = PBXBuildFile; fileRef = 535A80C30F5A287B00F149FC /* t2sami */; };
		535A80C60F5A2AA000F149FC /* generate_subtitles.pl in Resources */ = {isa = PBXBuildFile; fileRef = 535A80C50F5A2AA000F149FC /* generate_subtitles.pl */; };
		535A80D70F5A3F6300F149FC /* subtitlesSize.pl in Resources */ = {isa = PBXBuildFile; fileRef = 535A80D60F5A3F6300F149FC /* subtitlesSize.pl */; };
		536575E40EE2791800B68A56 /* empty-check.png in Resources */ = {isa = PBXBuildFile; fileRef = 536575DA0EE2791800B68A56 /* empty-check.png */; };
		536575E50EE2791800B68A56 /* empty.png in Resources */ = {isa = PBXBuildFile; fileRef = 536575DB0EE2791800B68A56 /* empty.png */; };
		536575E60EE2791800B68A56 /* expired-recording-check.png in Resources */ = {isa = PBXBuildFile; fileRef = 536575DC0EE2791800B68A56 /* expired-recording-check.png */; };
		536575E70EE2791800B68A56 /* expired-recording.png in Resources */ = {isa = PBXBuildFile; fileRef = 536575DD0EE2791800B68A56 /* expired-recording.png */; };
		536575E80EE2791800B68A56 /* expires-soon-recording-check.png in Resources */ = {isa = PBXBuildFile; fileRef = 536575DE0EE2791800B68A56 /* expires-soon-recording-check.png */; };
		536575E90EE2791800B68A56 /* expires-soon-recording.png in Resources */ = {isa = PBXBuildFile; fileRef = 536575DF0EE2791800B68A56 /* expires-soon-recording.png */; };
		536575EA0EE2791800B68A56 /* save-until-i-delete-recording-check.png in Resources */ = {isa = PBXBuildFile; fileRef = 536575E00EE2791800B68A56 /* save-until-i-delete-recording-check.png */; };
		536575EB0EE2791800B68A56 /* save-until-i-delete-recording.png in Resources */ = {isa = PBXBuildFile; fileRef = 536575E10EE2791800B68A56 /* save-until-i-delete-recording.png */; };
		536575EC0EE2791800B68A56 /* suggestion-recording-check.png in Resources */ = {isa = PBXBuildFile; fileRef = 536575E20EE2791800B68A56 /* suggestion-recording-check.png */; };
		536575ED0EE2791800B68A56 /* suggestion-recording.png in Resources */ = {isa = PBXBuildFile; fileRef = 536575E30EE2791800B68A56 /* suggestion-recording.png */; };
		536F4DDF0EE5EEA200743C2C /* HandBrakeCLI in Resources */ = {isa = PBXBuildFile; fileRef = 536F4DDE0EE5EEA200743C2C /* HandBrakeCLI */; };
		537B18CF0EFEEB9C005E4191 /* ParseXML.pl in Resources */ = {isa = PBXBuildFile; fileRef = 537B18CE0EFEEB9C005E4191 /* ParseXML.pl */; };
		5393FA700F425DDD0025D17A /* copyright.png in Resources */ = {isa = PBXBuildFile; fileRef = 5393FA6F0F425DDD0025D17A /* copyright.png */; };
		53960E460EF240DF0068EE27 /* AtomicParsley in Resources */ = {isa = PBXBuildFile; fileRef = 53960E450EF240DF0068EE27 /* AtomicParsley */; };
		53A16DC10ED5DC95004A33E4 /* elgato.applescript in AppleScript */ = {isa = PBXBuildFile; fileRef = 53A16DC00ED5DC95004A33E4 /* elgato.applescript */; settings = {ATTRIBUTES = (Debug, ); }; };
		53AF175F0EB6936100C68D2E /* http-fetcher.pl in Resources */ = {isa = PBXBuildFile; fileRef = 53AF175E0EB6936100C68D2E /* http-fetcher.pl */; };
		53AF17610EB6937700C68D2E /* tivo-decoder.pl in Resources */ = {isa = PBXBuildFile; fileRef = 53AF17600EB6937700C68D2E /* tivo-decoder.pl */; };
		53AF17630EB6938A00C68D2E /* re-encoder.pl in Resources */ = {isa = PBXBuildFile; fileRef = 53AF17620EB6938A00C68D2E /* re-encoder.pl */; };
		53C1A0DB0ECBCDFB0006B929 /* imdb.png in Resources */ = {isa = PBXBuildFile; fileRef = 53C1A0DA0ECBCDFB0006B929 /* imdb.png */; };
		53D5B8310EBFAFA3004F537D /* comskip in Resources */ = {isa = PBXBuildFile; fileRef = 53D5B8300EBFAFA3004F537D /* comskip */; };
		53D5B83A0EBFB2B0004F537D /* comskip.ini in Resources */ = {isa = PBXBuildFile; fileRef = 53D5B8390EBFB2B0004F537D /* comskip.ini */; };
		53D5B8830EC0C78A004F537D /* comskipSize.pl in Resources */ = {isa = PBXBuildFile; fileRef = 53D5B8820EC0C78A004F537D /* comskipSize.pl */; };
		53D5B8850EC0C7A3004F537D /* remove-commercials.pl in Resources */ = {isa = PBXBuildFile; fileRef = 53D5B8840EC0C7A3004F537D /* remove-commercials.pl */; };
		53E5328A0E9FBEB300E16E0D /* GetExtraInfo.pl in Resources */ = {isa = PBXBuildFile; fileRef = 53E532890E9FBEB300E16E0D /* GetExtraInfo.pl */; };
		53E8CDD60EB8492F00439BE1 /* dsa_pub.pem in Resources */ = {isa = PBXBuildFile; fileRef = 53E8CDD50EB8492F00439BE1 /* dsa_pub.pem */; };
		6100670D0B470D4700E38A87 /* mencoder in Resources */ = {isa = PBXBuildFile; fileRef = 6100670C0B470D4700E38A87 /* mencoder */; };
		612EF59C0B4459F000ACBBBF /* ParseDetail.pl in Resources */ = {isa = PBXBuildFile; fileRef = 612EF59B0B4459F000ACBBBF /* ParseDetail.pl */; };
		61354C8B0B2741D800EEF96F /* Credits.rtf in Resources */ = {isa = PBXBuildFile; fileRef = 61354C890B2741D800EEF96F /* Credits.rtf */; };
		6156A9C30B4CA01B000373DF /* killProcesses.pl in Resources */ = {isa = PBXBuildFile; fileRef = 6156A9C20B4CA01B000373DF /* killProcesses.pl */; };
		6172867A0B350D0200C39347 /* tivodecode in Resources */ = {isa = PBXBuildFile; fileRef = 617286790B350D0200C39347 /* tivodecode */; };
		61A5D8A20B2B12530030FBD5 /* iTiVo.icns in Resources */ = {isa = PBXBuildFile; fileRef = 61A5D8A10B2B12530030FBD5 /* iTiVo.icns */; };
		61D69A000B4C50BF00D69E4C /* curlSize.pl in Resources */ = {isa = PBXBuildFile; fileRef = 61D699FF0B4C50BF00D69E4C /* curlSize.pl */; };
		61E28DAE0B3FA5B800D6DD59 /* iTiVo.pict in Resources */ = {isa = PBXBuildFile; fileRef = 61E28DAD0B3FA5B800D6DD59 /* iTiVo.pict */; };
/* End PBXBuildFile section */

/* Begin PBXContainerItemProxy section */
		53E8CDFC0EB8BCF200439BE1 /* PBXContainerItemProxy */ = {
			isa = PBXContainerItemProxy;
			containerPortal = 29B97313FDCFA39411CA2CEA /* Project object */;
			proxyType = 1;
			remoteGlobalIDString = 257572C2072881A4000BE9CA;
			remoteInfo = iTiVo;
		};
/* End PBXContainerItemProxy section */

/* Begin PBXCopyFilesBuildPhase section */
		53C2B8670E4CA0BD00AB4EBC /* CopyFiles */ = {
			isa = PBXCopyFilesBuildPhase;
			buildActionMask = 2147483647;
			dstPath = "";
			dstSubfolderSpec = 10;
			files = (
				5304ADC30E4CBDFE00E77CA0 /* Sparkle.framework in CopyFiles */,
			);
			runOnlyForDeploymentPostprocessing = 0;
		};
/* End PBXCopyFilesBuildPhase section */

/* Begin PBXFileReference section */
		089C165DFE840E0CC02AAC07 /* English */ = {isa = PBXFileReference; fileEncoding = 10; lastKnownFileType = text.plist.strings; name = English; path = English.lproj/InfoPlist.strings; sourceTree = "<group>"; };
		1058C7A1FEA54F0111CA2CBB /* Cocoa.framework */ = {isa = PBXFileReference; lastKnownFileType = wrapper.framework; name = Cocoa.framework; path = /System/Library/Frameworks/Cocoa.framework; sourceTree = "<absolute>"; };
		2441259C15F436B800710497 /* findLocalTivos.sh */ = {isa = PBXFileReference; fileEncoding = 4; lastKnownFileType = text.script.sh; path = findLocalTivos.sh; sourceTree = "<group>"; };
		248B1FF515F44CBE00756168 /* findLocalTivoIPAddress.sh */ = {isa = PBXFileReference; fileEncoding = 4; lastKnownFileType = text.script.sh; path = findLocalTivoIPAddress.sh; sourceTree = "<group>"; };
		257572D5072881A4000BE9CA /* Info.plist */ = {isa = PBXFileReference; lastKnownFileType = text.plist.xml; path = Info.plist; sourceTree = "<group>"; };
		257572D6072881A4000BE9CA /* iTiVo.app */ = {isa = PBXFileReference; explicitFileType = wrapper.application; includeInIndex = 0; path = iTiVo.app; sourceTree = BUILT_PRODUCTS_DIR; };
		29B97316FDCFA39411CA2CEA /* main.m */ = {isa = PBXFileReference; fileEncoding = 30; lastKnownFileType = sourcecode.c.objc; path = main.m; sourceTree = "<group>"; };
		29B97319FDCFA39411CA2CEA /* English */ = {isa = PBXFileReference; lastKnownFileType = wrapper.nib; name = English; path = English.lproj/MainMenu.nib; sourceTree = "<group>"; };
		29B97324FDCFA39411CA2CEA /* AppKit.framework */ = {isa = PBXFileReference; lastKnownFileType = wrapper.framework; name = AppKit.framework; path = /System/Library/Frameworks/AppKit.framework; sourceTree = "<absolute>"; };
		29B97325FDCFA39411CA2CEA /* Foundation.framework */ = {isa = PBXFileReference; lastKnownFileType = wrapper.framework; name = Foundation.framework; path = /System/Library/Frameworks/Foundation.framework; sourceTree = "<absolute>"; };
		5304AD980E4CBDBF00E77CA0 /* Sparkle.framework */ = {isa = PBXFileReference; lastKnownFileType = wrapper.framework; path = Sparkle.framework; sourceTree = "<group>"; };
		531280FD0ECED47500B748E0 /* tvdb.png */ = {isa = PBXFileReference; lastKnownFileType = image.png; path = tvdb.png; sourceTree = "<group>"; };
		531ED4310ED622C20021359A /* encoderProgress.pl */ = {isa = PBXFileReference; fileEncoding = 4; lastKnownFileType = text.script.perl; path = encoderProgress.pl; sourceTree = "<group>"; };
		532226E30EB0698400062D5F /* PrefsPanel.xib */ = {isa = PBXFileReference; lastKnownFileType = file.xib; path = PrefsPanel.xib; sourceTree = "<group>"; };
		534115820EF72E000011FFF6 /* pytivo_txt.xslt */ = {isa = PBXFileReference; fileEncoding = 4; lastKnownFileType = text.xml; path = pytivo_txt.xslt; sourceTree = "<group>"; };
		5352F8680EC6752400A83D95 /* formats.plist */ = {isa = PBXFileReference; fileEncoding = 4; lastKnownFileType = text.plist.xml; path = formats.plist; sourceTree = "<group>"; };
		535A80C30F5A287B00F149FC /* t2sami */ = {isa = PBXFileReference; lastKnownFileType = "compiled.mach-o.executable"; name = t2sami; path = "External Software/t2sami"; sourceTree = "<group>"; };
		535A80C50F5A2AA000F149FC /* generate_subtitles.pl */ = {isa = PBXFileReference; fileEncoding = 4; lastKnownFileType = text.script.perl; path = generate_subtitles.pl; sourceTree = "<group>"; };
		535A80D60F5A3F6300F149FC /* subtitlesSize.pl */ = {isa = PBXFileReference; fileEncoding = 4; lastKnownFileType = text.script.perl; path = subtitlesSize.pl; sourceTree = "<group>"; };
		536575DA0EE2791800B68A56 /* empty-check.png */ = {isa = PBXFileReference; lastKnownFileType = image.png; path = "empty-check.png"; sourceTree = "<group>"; };
		536575DB0EE2791800B68A56 /* empty.png */ = {isa = PBXFileReference; lastKnownFileType = image.png; path = empty.png; sourceTree = "<group>"; };
		536575DC0EE2791800B68A56 /* expired-recording-check.png */ = {isa = PBXFileReference; lastKnownFileType = image.png; path = "expired-recording-check.png"; sourceTree = "<group>"; };
		536575DD0EE2791800B68A56 /* expired-recording.png */ = {isa = PBXFileReference; lastKnownFileType = image.png; path = "expired-recording.png"; sourceTree = "<group>"; };
		536575DE0EE2791800B68A56 /* expires-soon-recording-check.png */ = {isa = PBXFileReference; lastKnownFileType = image.png; path = "expires-soon-recording-check.png"; sourceTree = "<group>"; };
		536575DF0EE2791800B68A56 /* expires-soon-recording.png */ = {isa = PBXFileReference; lastKnownFileType = image.png; path = "expires-soon-recording.png"; sourceTree = "<group>"; };
		536575E00EE2791800B68A56 /* save-until-i-delete-recording-check.png */ = {isa = PBXFileReference; lastKnownFileType = image.png; path = "save-until-i-delete-recording-check.png"; sourceTree = "<group>"; };
		536575E10EE2791800B68A56 /* save-until-i-delete-recording.png */ = {isa = PBXFileReference; lastKnownFileType = image.png; path = "save-until-i-delete-recording.png"; sourceTree = "<group>"; };
		536575E20EE2791800B68A56 /* suggestion-recording-check.png */ = {isa = PBXFileReference; lastKnownFileType = image.png; path = "suggestion-recording-check.png"; sourceTree = "<group>"; };
		536575E30EE2791800B68A56 /* suggestion-recording.png */ = {isa = PBXFileReference; lastKnownFileType = image.png; path = "suggestion-recording.png"; sourceTree = "<group>"; };
		536F4DDE0EE5EEA200743C2C /* HandBrakeCLI */ = {isa = PBXFileReference; lastKnownFileType = "compiled.mach-o.executable"; name = HandBrakeCLI; path = "External Software/HandBrakeCLI"; sourceTree = "<group>"; };
		537B18CE0EFEEB9C005E4191 /* ParseXML.pl */ = {isa = PBXFileReference; fileEncoding = 4; lastKnownFileType = text.script.perl; path = ParseXML.pl; sourceTree = "<group>"; };
		5393FA6F0F425DDD0025D17A /* copyright.png */ = {isa = PBXFileReference; lastKnownFileType = image.png; path = copyright.png; sourceTree = "<group>"; };
		53960E450EF240DF0068EE27 /* AtomicParsley */ = {isa = PBXFileReference; lastKnownFileType = "compiled.mach-o.executable"; name = AtomicParsley; path = "External Software/AtomicParsley"; sourceTree = "<group>"; };
		53A16DC00ED5DC95004A33E4 /* elgato.applescript */ = {isa = PBXFileReference; fileEncoding = 4; lastKnownFileType = sourcecode.applescript; path = elgato.applescript; sourceTree = "<group>"; };
		53AF175E0EB6936100C68D2E /* http-fetcher.pl */ = {isa = PBXFileReference; fileEncoding = 4; lastKnownFileType = text.script.perl; path = "http-fetcher.pl"; sourceTree = "<group>"; };
		53AF17600EB6937700C68D2E /* tivo-decoder.pl */ = {isa = PBXFileReference; fileEncoding = 4; lastKnownFileType = text.script.perl; path = "tivo-decoder.pl"; sourceTree = "<group>"; };
		53AF17620EB6938A00C68D2E /* re-encoder.pl */ = {isa = PBXFileReference; fileEncoding = 4; lastKnownFileType = text.script.perl; path = "re-encoder.pl"; sourceTree = "<group>"; };
		53C1A0DA0ECBCDFB0006B929 /* imdb.png */ = {isa = PBXFileReference; lastKnownFileType = image.png; path = imdb.png; sourceTree = "<group>"; };
		53D5B8300EBFAFA3004F537D /* comskip */ = {isa = PBXFileReference; lastKnownFileType = "compiled.mach-o.executable"; name = comskip; path = "External Software/comskip"; sourceTree = "<group>"; };
		53D5B8390EBFB2B0004F537D /* comskip.ini */ = {isa = PBXFileReference; fileEncoding = 4; lastKnownFileType = text; name = comskip.ini; path = "External Software/comskip.ini"; sourceTree = "<group>"; };
		53D5B8820EC0C78A004F537D /* comskipSize.pl */ = {isa = PBXFileReference; fileEncoding = 4; lastKnownFileType = text.script.perl; path = comskipSize.pl; sourceTree = "<group>"; };
		53D5B8840EC0C7A3004F537D /* remove-commercials.pl */ = {isa = PBXFileReference; fileEncoding = 4; lastKnownFileType = text.script.perl; path = "remove-commercials.pl"; sourceTree = "<group>"; };
		53E532890E9FBEB300E16E0D /* GetExtraInfo.pl */ = {isa = PBXFileReference; fileEncoding = 4; lastKnownFileType = text.script.perl; path = GetExtraInfo.pl; sourceTree = "<group>"; };
		53E8CDD50EB8492F00439BE1 /* dsa_pub.pem */ = {isa = PBXFileReference; fileEncoding = 4; lastKnownFileType = text; path = dsa_pub.pem; sourceTree = "<group>"; };
		6100670C0B470D4700E38A87 /* mencoder */ = {isa = PBXFileReference; lastKnownFileType = "compiled.mach-o.executable"; name = mencoder; path = "External Software/mencoder"; sourceTree = "<group>"; };
		612EF59B0B4459F000ACBBBF /* ParseDetail.pl */ = {isa = PBXFileReference; fileEncoding = 30; lastKnownFileType = text.script.perl; path = ParseDetail.pl; sourceTree = "<group>"; };
		61354C8A0B2741D800EEF96F /* English */ = {isa = PBXFileReference; lastKnownFileType = text.rtf; name = English; path = English.lproj/Credits.rtf; sourceTree = "<group>"; };
		6156A9C20B4CA01B000373DF /* killProcesses.pl */ = {isa = PBXFileReference; fileEncoding = 30; lastKnownFileType = text.script.perl; path = killProcesses.pl; sourceTree = "<group>"; };
		617286790B350D0200C39347 /* tivodecode */ = {isa = PBXFileReference; lastKnownFileType = "compiled.mach-o.executable"; name = tivodecode; path = "External Software/tivodecode"; sourceTree = "<group>"; };
		61A5D8A10B2B12530030FBD5 /* iTiVo.icns */ = {isa = PBXFileReference; lastKnownFileType = image.icns; path = iTiVo.icns; sourceTree = "<group>"; };
		61D699FF0B4C50BF00D69E4C /* curlSize.pl */ = {isa = PBXFileReference; fileEncoding = 4; lastKnownFileType = text.script.perl; path = curlSize.pl; sourceTree = "<group>"; };
		61E28DAD0B3FA5B800D6DD59 /* iTiVo.pict */ = {isa = PBXFileReference; lastKnownFileType = image.pict; path = iTiVo.pict; sourceTree = "<group>"; };
		65359356078DD41800E8BB2F /* AppleScriptKit.sdef */ = {isa = PBXFileReference; fileEncoding = 30; lastKnownFileType = text.sdef; name = AppleScriptKit.sdef; path = /System/Library/Frameworks/AppleScriptKit.framework/Versions/A/Resources/AppleScriptKit.sdef; sourceTree = "<absolute>"; };
		DA206CF1015C4E2903C91932 /* AppleScriptKit.framework */ = {isa = PBXFileReference; lastKnownFileType = wrapper.framework; name = AppleScriptKit.framework; path = /System/Library/Frameworks/AppleScriptKit.framework; sourceTree = "<absolute>"; };
		DA206CF3015C4E8B03C91932 /* iTiVo.applescript */ = {isa = PBXFileReference; lastKnownFileType = sourcecode.applescript; path = iTiVo.applescript; sourceTree = "<group>"; };
/* End PBXFileReference section */

/* Begin PBXFrameworksBuildPhase section */
		257572CB072881A4000BE9CA /* Frameworks */ = {
			isa = PBXFrameworksBuildPhase;
			buildActionMask = 2147483647;
			files = (
				257572CC072881A4000BE9CA /* Cocoa.framework in Frameworks */,
				257572CD072881A4000BE9CA /* AppleScriptKit.framework in Frameworks */,
				5304AD990E4CBDBF00E77CA0 /* Sparkle.framework in Frameworks */,
			);
			runOnlyForDeploymentPostprocessing = 0;
		};
/* End PBXFrameworksBuildPhase section */

/* Begin PBXGroup section */
		080E96DDFE201D6D7F000001 /* Scripts */ = {
			isa = PBXGroup;
			children = (
				DA206CF3015C4E8B03C91932 /* iTiVo.applescript */,
				53A16DC00ED5DC95004A33E4 /* elgato.applescript */,
			);
			name = Scripts;
			sourceTree = "<group>";
		};
		1058C7A0FEA54F0111CA2CBB /* Linked Frameworks */ = {
			isa = PBXGroup;
			children = (
				5304AD980E4CBDBF00E77CA0 /* Sparkle.framework */,
				1058C7A1FEA54F0111CA2CBB /* Cocoa.framework */,
				DA206CF1015C4E2903C91932 /* AppleScriptKit.framework */,
			);
			name = "Linked Frameworks";
			sourceTree = "<group>";
		};
		1058C7A2FEA54F0111CA2CBB /* Other Frameworks */ = {
			isa = PBXGroup;
			children = (
				29B97325FDCFA39411CA2CEA /* Foundation.framework */,
				29B97324FDCFA39411CA2CEA /* AppKit.framework */,
			);
			name = "Other Frameworks";
			sourceTree = "<group>";
		};
		19C28FACFE9D520D11CA2CBB /* Products */ = {
			isa = PBXGroup;
			children = (
				257572D6072881A4000BE9CA /* iTiVo.app */,
			);
			name = Products;
			sourceTree = "<group>";
		};
		29B97314FDCFA39411CA2CEA /* TiVoDecode */ = {
			isa = PBXGroup;
			children = (
				080E96DDFE201D6D7F000001 /* Scripts */,
				29B97317FDCFA39411CA2CEA /* Resources */,
				29B97315FDCFA39411CA2CEA /* Other Sources */,
				29B97323FDCFA39411CA2CEA /* Frameworks */,
				19C28FACFE9D520D11CA2CBB /* Products */,
				257572D5072881A4000BE9CA /* Info.plist */,
				61354C890B2741D800EEF96F /* Credits.rtf */,
			);
			name = TiVoDecode;
			sourceTree = "<group>";
		};
		29B97315FDCFA39411CA2CEA /* Other Sources */ = {
			isa = PBXGroup;
			children = (
				535A80D60F5A3F6300F149FC /* subtitlesSize.pl */,
				535A80C50F5A2AA000F149FC /* generate_subtitles.pl */,
				535A80C30F5A287B00F149FC /* t2sami */,
				537B18CE0EFEEB9C005E4191 /* ParseXML.pl */,
				534115820EF72E000011FFF6 /* pytivo_txt.xslt */,
				53960E450EF240DF0068EE27 /* AtomicParsley */,
				536F4DDE0EE5EEA200743C2C /* HandBrakeCLI */,
				53D5B8840EC0C7A3004F537D /* remove-commercials.pl */,
				531ED4310ED622C20021359A /* encoderProgress.pl */,
				53D5B8820EC0C78A004F537D /* comskipSize.pl */,
				53D5B8300EBFAFA3004F537D /* comskip */,
				53AF17620EB6938A00C68D2E /* re-encoder.pl */,
				53AF17600EB6937700C68D2E /* tivo-decoder.pl */,
				53AF175E0EB6936100C68D2E /* http-fetcher.pl */,
				53E532890E9FBEB300E16E0D /* GetExtraInfo.pl */,
				6156A9C20B4CA01B000373DF /* killProcesses.pl */,
				61D699FF0B4C50BF00D69E4C /* curlSize.pl */,
				612EF59B0B4459F000ACBBBF /* ParseDetail.pl */,
				617286790B350D0200C39347 /* tivodecode */,
				6100670C0B470D4700E38A87 /* mencoder */,
				29B97316FDCFA39411CA2CEA /* main.m */,
			);
			name = "Other Sources";
			sourceTree = "<group>";
		};
		29B97317FDCFA39411CA2CEA /* Resources */ = {
			isa = PBXGroup;
			children = (
				2441259C15F436B800710497 /* findLocalTivos.sh */,
				248B1FF515F44CBE00756168 /* findLocalTivoIPAddress.sh */,
				5393FA6F0F425DDD0025D17A /* copyright.png */,
				536575DA0EE2791800B68A56 /* empty-check.png */,
				536575DB0EE2791800B68A56 /* empty.png */,
				536575DC0EE2791800B68A56 /* expired-recording-check.png */,
				536575DD0EE2791800B68A56 /* expired-recording.png */,
				536575DE0EE2791800B68A56 /* expires-soon-recording-check.png */,
				536575DF0EE2791800B68A56 /* expires-soon-recording.png */,
				536575E00EE2791800B68A56 /* save-until-i-delete-recording-check.png */,
				536575E10EE2791800B68A56 /* save-until-i-delete-recording.png */,
				536575E20EE2791800B68A56 /* suggestion-recording-check.png */,
				536575E30EE2791800B68A56 /* suggestion-recording.png */,
				53C1A0DA0ECBCDFB0006B929 /* imdb.png */,
				531280FD0ECED47500B748E0 /* tvdb.png */,
				5352F8680EC6752400A83D95 /* formats.plist */,
				53D5B8390EBFB2B0004F537D /* comskip.ini */,
				53E8CDD50EB8492F00439BE1 /* dsa_pub.pem */,
				532226E30EB0698400062D5F /* PrefsPanel.xib */,
				29B97318FDCFA39411CA2CEA /* MainMenu.nib */,
				089C165CFE840E0CC02AAC07 /* InfoPlist.strings */,
				65359356078DD41800E8BB2F /* AppleScriptKit.sdef */,
				61A5D8A10B2B12530030FBD5 /* iTiVo.icns */,
				61E28DAD0B3FA5B800D6DD59 /* iTiVo.pict */,
			);
			name = Resources;
			sourceTree = "<group>";
		};
		29B97323FDCFA39411CA2CEA /* Frameworks */ = {
			isa = PBXGroup;
			children = (
				1058C7A0FEA54F0111CA2CBB /* Linked Frameworks */,
				1058C7A2FEA54F0111CA2CBB /* Other Frameworks */,
			);
			name = Frameworks;
			sourceTree = "<group>";
		};
/* End PBXGroup section */

/* Begin PBXHeadersBuildPhase section */
		257572C3072881A4000BE9CA /* Headers */ = {
			isa = PBXHeadersBuildPhase;
			buildActionMask = 2147483647;
			files = (
			);
			runOnlyForDeploymentPostprocessing = 0;
		};
/* End PBXHeadersBuildPhase section */

/* Begin PBXNativeTarget section */
		257572C2072881A4000BE9CA /* iTiVo */ = {
			isa = PBXNativeTarget;
			buildConfigurationList = 4E71A80508A2C90C0034BBD9 /* Build configuration list for PBXNativeTarget "iTiVo" */;
			buildPhases = (
				257572C3072881A4000BE9CA /* Headers */,
				257572C4072881A4000BE9CA /* AppleScript */,
				257572C6072881A4000BE9CA /* Resources */,
				257572C9072881A4000BE9CA /* Sources */,
				257572CB072881A4000BE9CA /* Frameworks */,
				53C2B8670E4CA0BD00AB4EBC /* CopyFiles */,
			);
			buildRules = (
			);
			dependencies = (
			);
			name = iTiVo;
			productInstallPath = "$(HOME)/Applications";
			productName = TiVoDecode;
			productReference = 257572D6072881A4000BE9CA /* iTiVo.app */;
			productType = "com.apple.product-type.application";
		};
/* End PBXNativeTarget section */

/* Begin PBXProject section */
		29B97313FDCFA39411CA2CEA /* Project object */ = {
			isa = PBXProject;
			attributes = {
				LastUpgradeCheck = 0440;
			};
			buildConfigurationList = 4E71A80908A2C90C0034BBD9 /* Build configuration list for PBXProject "iTiVo" */;
			compatibilityVersion = "Xcode 3.2";
			developmentRegion = English;
			hasScannedForEncodings = 1;
			knownRegions = (
				English,
				Japanese,
				French,
				German,
			);
			mainGroup = 29B97314FDCFA39411CA2CEA /* TiVoDecode */;
			projectDirPath = "";
			projectRoot = "";
			targets = (
				257572C2072881A4000BE9CA /* iTiVo */,
				53E8CDDC0EB8B6C400439BE1 /* Distribution */,
			);
		};
/* End PBXProject section */

/* Begin PBXResourcesBuildPhase section */
		257572C6072881A4000BE9CA /* Resources */ = {
			isa = PBXResourcesBuildPhase;
			buildActionMask = 2147483647;
			files = (
				257572C7072881A4000BE9CA /* MainMenu.nib in Resources */,
				257572C8072881A4000BE9CA /* InfoPlist.strings in Resources */,
				61354C8B0B2741D800EEF96F /* Credits.rtf in Resources */,
				61A5D8A20B2B12530030FBD5 /* iTiVo.icns in Resources */,
				6172867A0B350D0200C39347 /* tivodecode in Resources */,
				61E28DAE0B3FA5B800D6DD59 /* iTiVo.pict in Resources */,
				612EF59C0B4459F000ACBBBF /* ParseDetail.pl in Resources */,
				6100670D0B470D4700E38A87 /* mencoder in Resources */,
				61D69A000B4C50BF00D69E4C /* curlSize.pl in Resources */,
				6156A9C30B4CA01B000373DF /* killProcesses.pl in Resources */,
				53E5328A0E9FBEB300E16E0D /* GetExtraInfo.pl in Resources */,
				532226E40EB0698400062D5F /* PrefsPanel.xib in Resources */,
				53AF175F0EB6936100C68D2E /* http-fetcher.pl in Resources */,
				53AF17610EB6937700C68D2E /* tivo-decoder.pl in Resources */,
				53AF17630EB6938A00C68D2E /* re-encoder.pl in Resources */,
				53E8CDD60EB8492F00439BE1 /* dsa_pub.pem in Resources */,
				53D5B8310EBFAFA3004F537D /* comskip in Resources */,
				53D5B83A0EBFB2B0004F537D /* comskip.ini in Resources */,
				53D5B8830EC0C78A004F537D /* comskipSize.pl in Resources */,
				53D5B8850EC0C7A3004F537D /* remove-commercials.pl in Resources */,
				5352F8690EC6752400A83D95 /* formats.plist in Resources */,
				53C1A0DB0ECBCDFB0006B929 /* imdb.png in Resources */,
				531280FE0ECED47500B748E0 /* tvdb.png in Resources */,
				531ED4320ED622C20021359A /* encoderProgress.pl in Resources */,
				536575E40EE2791800B68A56 /* empty-check.png in Resources */,
				536575E50EE2791800B68A56 /* empty.png in Resources */,
				536575E60EE2791800B68A56 /* expired-recording-check.png in Resources */,
				536575E70EE2791800B68A56 /* expired-recording.png in Resources */,
				536575E80EE2791800B68A56 /* expires-soon-recording-check.png in Resources */,
				536575E90EE2791800B68A56 /* expires-soon-recording.png in Resources */,
				536575EA0EE2791800B68A56 /* save-until-i-delete-recording-check.png in Resources */,
				536575EB0EE2791800B68A56 /* save-until-i-delete-recording.png in Resources */,
				536575EC0EE2791800B68A56 /* suggestion-recording-check.png in Resources */,
				536575ED0EE2791800B68A56 /* suggestion-recording.png in Resources */,
				536F4DDF0EE5EEA200743C2C /* HandBrakeCLI in Resources */,
				53960E460EF240DF0068EE27 /* AtomicParsley in Resources */,
				534115830EF72E000011FFF6 /* pytivo_txt.xslt in Resources */,
				537B18CF0EFEEB9C005E4191 /* ParseXML.pl in Resources */,
				5393FA700F425DDD0025D17A /* copyright.png in Resources */,
				535A80C40F5A287B00F149FC /* t2sami in Resources */,
				535A80C60F5A2AA000F149FC /* generate_subtitles.pl in Resources */,
				535A80D70F5A3F6300F149FC /* subtitlesSize.pl in Resources */,
				2441259D15F436B800710497 /* findLocalTivos.sh in Resources */,
				248B1FF615F44CBE00756168 /* findLocalTivoIPAddress.sh in Resources */,
			);
			runOnlyForDeploymentPostprocessing = 0;
		};
/* End PBXResourcesBuildPhase section */

/* Begin PBXShellScriptBuildPhase section */
		53E8CDDB0EB8B6C400439BE1 /* ShellScript */ = {
			isa = PBXShellScriptBuildPhase;
			buildActionMask = 2147483647;
			files = (
			);
			inputPaths = (
			);
			outputPaths = (
			);
			runOnlyForDeploymentPostprocessing = 0;
			shellPath = /bin/sh;
			shellScript = "#!/bin/bash\n\nset -o errexit\n\n[ $BUILD_STYLE = Release ] || { echo Distribution target requires \"'Release'\" build style; false; }\n\nVERSION=$(defaults read \"$BUILT_PRODUCTS_DIR/$PROJECT_NAME.app/Contents/Info\" CFBundleVersion)\nBUILD_STRING=$(defaults read \"$BUILT_PRODUCTS_DIR/$PROJECT_NAME.app/Contents/Info\" CFBundleShortVersionString)\nDOWNLOAD_BASE_URL=\"http://itivo.googlecode.com/files\"\ncase \"$VERSION\" in\n *b*)\n    RELEASENOTES_URL=\"http://itivo.googlecode.com/svn/trunk/www/changelog-beta.html\"\n    FILE_VERSION=\"beta\"\n    ;;\n *)\n    RELEASENOTES_URL=\"http://itivo.googlecode.com/svn/trunk/www/changelog.html\"\n    FILE_VERSION=\"$VERSION\"\n    ;;\nesac\n\nRELEASE_DIR=\"$HOME/Desktop/\"\nARCHIVE_FILENAME=\"$PROJECT_NAME-$FILE_VERSION.dmg\"\nDOWNLOAD_URL=\"$DOWNLOAD_BASE_URL/$ARCHIVE_FILENAME\"\nWD=$PWD\n\nrm -f \"$RELEASE_DIR/$ARCHIVE_FILENAME\"\n./create_dmg.sh \"$FILE_VERSION\"\n\n# cd \"$BUILT_PRODUCTS_DIR\"\n# rm -f \"$PROJECT_NAME\"*.zip\n# zip -qr \"$ARCHIVE_FILENAME\" \"$PROJECT_NAME.app\" \"faac LGPL License.txt\" \"gpl-3.0.txt\" \"iTiVo Read Me.rtf\" \"mencoder:xvid GPL License.txt\"\n\nSIZE=$(stat -f %z \"$RELEASE_DIR/$ARCHIVE_FILENAME\")\nPUBDATE=$(date +\"%a, %d %b %G %T %z\")\nSIGNATURE=$(\n\topenssl dgst -sha1 -binary < \"$RELEASE_DIR/$ARCHIVE_FILENAME\" \\\n\t| openssl dgst -dss1 -sign \"$WD/keys/dsa_priv.pem\" \\\n\t| openssl enc -base64\n)\n\n[ $SIGNATURE ] || { echo Unable to load signing private key with name \"'$KEYCHAIN_PRIVKEY_NAME'\" from keychain; false; }\n\ncat <<EOF\n\t\t<item>\n\t\t\t<title>Version $VERSION</title>\n\t\t\t<sparkle:releaseNotesLink>$RELEASENOTES_URL</sparkle:releaseNotesLink>\n\t\t\t<pubDate>$PUBDATE</pubDate>\n\t\t\t<enclosure\n\t\t\t\turl=\"$DOWNLOAD_URL\"\n\t\t\t\tsparkle:version=\"$VERSION\"\n\t\t\t\ttype=\"application/octet-stream\"\n\t\t\t\tlength=\"$SIZE\"\n\t\t\t\tsparkle:dsaSignature=\"$SIGNATURE\"\n\t\t\t/>\n\t\t</item>\nEOF\n";
			showEnvVarsInLog = 0;
		};
/* End PBXShellScriptBuildPhase section */

/* Begin PBXSourcesBuildPhase section */
		257572C9072881A4000BE9CA /* Sources */ = {
			isa = PBXSourcesBuildPhase;
			buildActionMask = 2147483647;
			files = (
				257572CA072881A4000BE9CA /* main.m in Sources */,
			);
			runOnlyForDeploymentPostprocessing = 0;
		};
/* End PBXSourcesBuildPhase section */

/* Begin PBXTargetDependency section */
		53E8CDFD0EB8BCF200439BE1 /* PBXTargetDependency */ = {
			isa = PBXTargetDependency;
			target = 257572C2072881A4000BE9CA /* iTiVo */;
			targetProxy = 53E8CDFC0EB8BCF200439BE1 /* PBXContainerItemProxy */;
		};
/* End PBXTargetDependency section */

/* Begin PBXVariantGroup section */
		089C165CFE840E0CC02AAC07 /* InfoPlist.strings */ = {
			isa = PBXVariantGroup;
			children = (
				089C165DFE840E0CC02AAC07 /* English */,
			);
			name = InfoPlist.strings;
			sourceTree = "<group>";
		};
		29B97318FDCFA39411CA2CEA /* MainMenu.nib */ = {
			isa = PBXVariantGroup;
			children = (
				29B97319FDCFA39411CA2CEA /* English */,
			);
			name = MainMenu.nib;
			sourceTree = "<group>";
		};
		61354C890B2741D800EEF96F /* Credits.rtf */ = {
			isa = PBXVariantGroup;
			children = (
				61354C8A0B2741D800EEF96F /* English */,
			);
			name = Credits.rtf;
			sourceTree = "<group>";
		};
/* End PBXVariantGroup section */

/* Begin XCBuildConfiguration section */
		4E71A80608A2C90C0034BBD9 /* Debug */ = {
			isa = XCBuildConfiguration;
			buildSettings = {
				COMBINE_HIDPI_IMAGES = YES;
				COPY_PHASE_STRIP = NO;
				FRAMEWORK_SEARCH_PATHS = (
					"$(inherited)",
					"$(FRAMEWORK_SEARCH_PATHS_QUOTED_FOR_TARGET_1)",
					"$(FRAMEWORK_SEARCH_PATHS_QUOTED_FOR_TARGET_2)",
					"$(FRAMEWORK_SEARCH_PATHS_QUOTED_FOR_TARGET_3)",
				);
				FRAMEWORK_SEARCH_PATHS_QUOTED_FOR_TARGET_1 = "\"$(SRCROOT)\"";
				FRAMEWORK_SEARCH_PATHS_QUOTED_FOR_TARGET_2 = "\"$(SRCROOT)/../../Desktop\"";
				FRAMEWORK_SEARCH_PATHS_QUOTED_FOR_TARGET_3 = "\"$(SRCROOT)\"";
				GCC_DYNAMIC_NO_PIC = NO;
				GCC_MODEL_TUNING = G5;
				GCC_OPTIMIZATION_LEVEL = 0;
				GCC_VERSION = com.apple.compilers.llvm.clang.1_0;
				INFOPLIST_FILE = Info.plist;
				INSTALL_PATH = "$(HOME)/Applications";
				PRODUCT_NAME = iTiVo;
				WRAPPER_EXTENSION = app;
				ZERO_LINK = YES;
			};
			name = Debug;
		};
		4E71A80708A2C90C0034BBD9 /* Release */ = {
			isa = XCBuildConfiguration;
			buildSettings = {
				ARCHS = "$(ARCHS_STANDARD_32_64_BIT)";
				COMBINE_HIDPI_IMAGES = YES;
				FRAMEWORK_SEARCH_PATHS = (
					"$(inherited)",
					"$(FRAMEWORK_SEARCH_PATHS_QUOTED_FOR_TARGET_1)",
					"$(FRAMEWORK_SEARCH_PATHS_QUOTED_FOR_TARGET_2)",
					"$(FRAMEWORK_SEARCH_PATHS_QUOTED_FOR_TARGET_3)",
				);
				FRAMEWORK_SEARCH_PATHS_QUOTED_FOR_TARGET_1 = "\"$(SRCROOT)\"";
				FRAMEWORK_SEARCH_PATHS_QUOTED_FOR_TARGET_2 = "\"$(SRCROOT)/../../Desktop\"";
				FRAMEWORK_SEARCH_PATHS_QUOTED_FOR_TARGET_3 = "\"$(SRCROOT)\"";
				GCC_GENERATE_DEBUGGING_SYMBOLS = NO;
				GCC_MODEL_TUNING = G5;
				GCC_VERSION = com.apple.compilers.llvm.clang.1_0;
				INFOPLIST_FILE = Info.plist;
				INSTALL_PATH = "$(HOME)/Applications";
				OTHER_OSAFLAGS = "-x";
				PRODUCT_NAME = iTiVo;
				WRAPPER_EXTENSION = app;
			};
			name = Release;
		};
		4E71A80A08A2C90C0034BBD9 /* Debug */ = {
			isa = XCBuildConfiguration;
			buildSettings = {
				ARCHS = "$(ARCHS_STANDARD_32_64_BIT)";
				GCC_VERSION = "";
				GCC_WARN_ABOUT_RETURN_TYPE = YES;
				GCC_WARN_UNUSED_VARIABLE = YES;
				SDKROOT = macosx;
			};
			name = Debug;
		};
		4E71A80B08A2C90C0034BBD9 /* Release */ = {
			isa = XCBuildConfiguration;
			buildSettings = {
				ARCHS = "$(ARCHS_STANDARD_32_64_BIT)";
				GCC_VERSION = "";
				GCC_WARN_ABOUT_RETURN_TYPE = YES;
				GCC_WARN_UNUSED_VARIABLE = YES;
				SDKROOT = macosx;
			};
			name = Release;
		};
		53E8CDDD0EB8B6C400439BE1 /* Debug */ = {
			isa = XCBuildConfiguration;
			buildSettings = {
				COMBINE_HIDPI_IMAGES = YES;
				COPY_PHASE_STRIP = NO;
				GCC_DYNAMIC_NO_PIC = NO;
				GCC_OPTIMIZATION_LEVEL = 0;
				GCC_VERSION = com.apple.compilers.llvm.clang.1_0;
				PRODUCT_NAME = Distribution;
			};
			name = Debug;
		};
		53E8CDDE0EB8B6C400439BE1 /* Release */ = {
			isa = XCBuildConfiguration;
			buildSettings = {
				COMBINE_HIDPI_IMAGES = YES;
				COPY_PHASE_STRIP = YES;
				DEBUG_INFORMATION_FORMAT = "dwarf-with-dsym";
				GCC_VERSION = com.apple.compilers.llvm.clang.1_0;
				PRODUCT_NAME = Distribution;
				ZERO_LINK = NO;
			};
			name = Release;
		};
/* End XCBuildConfiguration section */

/* Begin XCConfigurationList section */
		4E71A80508A2C90C0034BBD9 /* Build configuration list for PBXNativeTarget "iTiVo" */ = {
			isa = XCConfigurationList;
			buildConfigurations = (
				4E71A80608A2C90C0034BBD9 /* Debug */,
				4E71A80708A2C90C0034BBD9 /* Release */,
			);
			defaultConfigurationIsVisible = 0;
			defaultConfigurationName = Release;
		};
		4E71A80908A2C90C0034BBD9 /* Build configuration list for PBXProject "iTiVo" */ = {
			isa = XCConfigurationList;
			buildConfigurations = (
				4E71A80A08A2C90C0034BBD9 /* Debug */,
				4E71A80B08A2C90C0034BBD9 /* Release */,
			);
			defaultConfigurationIsVisible = 0;
			defaultConfigurationName = Release;
		};
		53E8CDE30EB8B6C600439BE1 /* Build configuration list for PBXAggregateTarget "Distribution" */ = {
			isa = XCConfigurationList;
			buildConfigurations = (
				53E8CDDD0EB8B6C400439BE1 /* Debug */,
				53E8CDDE0EB8B6C400439BE1 /* Release */,
			);
			defaultConfigurationIsVisible = 0;
			defaultConfigurationName = Release;
		};
/* End XCConfigurationList section */
	};
	rootObject = 29B97313FDCFA39411CA2CEA /* Project object */;
}
